(setq el-get-lock-package-versions
      '((sqlplus :checksum "02e57626d810531582d443e060bfc91c09cc58c8")
        (seqential-command :checksum "a88596631bb609e59d81085c37c95bc7706fd467")
        (ace-jump-mode :checksum "8351e2df4fbbeb2a4003f2fb39f46d33803f3dac")
        (auto-complete :checksum "ab01ce9fe07fb30f156276dcb2ce795fdc54e241")
        (popup :checksum "004d58c47f6406b6555cf112f8a6eed6114cb63b")
        (fuzzy :checksum "534d723ad2e06322ff8d9bd0ba4863d243f698e7")
        (smartparens :checksum "c119f782cb4099609617b1b7752139391baa17b4")
        (dash :checksum "8a46d3c7c126d3e979f7f9b36867a413694cd8df")
        (js2-mode :checksum "7b430a37d2a77c8bc0f384e11e061e914f2d31de")
        (helm-c-yasnippet :checksum "2833bff9427f6d06531cf798e9152141e6b2fc83")
        (yasnippet :checksum "88b79505547be31f534a03a871ac98788e1455e3")
        (helm-swoop :checksum "002338d9685d82ef10aaf97d2e8084e61dfc94b4")
        (helm :checksum "44c00716625ce15e5946306549080b8a6335c4f0")
        (exec-path-from-shell :checksum "c2ca275d3243e8253513ced73e3ac21dc352e303")))
(setq el-get-lock-locked-packages 'nil)
(setq el-get-lock-unlocked-packages 'nil)
